github.com/arandu-io/framework v0.46.0 h1:yy/uMGOiAWJGPAzK80TF6oALvCUA6McdO7LiKgMkIHM=
github.com/arandu-io/framework v0.46.0/go.mod h1:NvrVhe8XGcyyGOkeh+UixZdl5vByfiIW+jlj592eIVY=
github.com/arandu-io/hesape v0.25.0 h1:nQnTcss38ahOedrNg14FqDWZAlUZbCzicGiY/DGRkD8=
github.com/arandu-io/hesape v0.25.0/go.mod h1:KNXJJuKrDIpWvJgNbE2LxtHkOqO4J6cqPkmMcNlxrL0=
golang.org/x/crypto v0.55.0 h1:+KWHjbgOaAQ66dh/YlkZKHlz9ZUlq61AFirAR9ntP8M=
golang.org/x/crypto v0.55.0/go.mod h1:uq0V9dE/fzQuJtbnL+2EhWOE63vo164FY8xqEnV9xis=
golang.org/x/sys v0.47.0 h1:o7XGOvZQCADBQQ4Y7VNq2dRWQR7JmOUW8Kxx4ZsNgWs=
golang.org/x/sys v0.47.0/go.mod h1:4GL1E5IUh+htKOUEOaiffhrAeqysfVGipDYzABqnCmw=
