github.com/arandu-io/framework v0.46.3 h1:HC+4YPzHgLYWPkUh3N4fR0vqpOkZ5LiZuirqmYpjiKU=
github.com/arandu-io/framework v0.46.3/go.mod h1:PMkY7gRo1XA5dlGEwap5ddHBQDWREtdHXLeDBNQUvSU=
github.com/arandu-io/hesape v0.36.0 h1:GuR3RENrcJVYHR2Vfi4eKj4CuM6U3tJUawGAdUfXHc4=
github.com/arandu-io/hesape v0.36.0/go.mod h1:KNXJJuKrDIpWvJgNbE2LxtHkOqO4J6cqPkmMcNlxrL0=
golang.org/x/crypto v0.55.0 h1:+KWHjbgOaAQ66dh/YlkZKHlz9ZUlq61AFirAR9ntP8M=
golang.org/x/crypto v0.55.0/go.mod h1:uq0V9dE/fzQuJtbnL+2EhWOE63vo164FY8xqEnV9xis=
golang.org/x/sys v0.47.0 h1:o7XGOvZQCADBQQ4Y7VNq2dRWQR7JmOUW8Kxx4ZsNgWs=
golang.org/x/sys v0.47.0/go.mod h1:4GL1E5IUh+htKOUEOaiffhrAeqysfVGipDYzABqnCmw=
